
Microsoft Visual Studio Solution File, Format Version 12.00
# Visual Studio Version 16
VisualStudioVersion = 16.0.30907.101
MinimumVisualStudioVersion = 10.0.40219.1
Project("{FAE04EC0-301F-11D3-BF4B-00C04F79EFBC}") = "TicTacToe", "TicTacToe.csproj", "{5DE51474-9498-4315-8067-C0B99DE3173D}"
EndProject
Global
	GlobalSection(SolutionConfigurationPlatforms) = preSolution
		Debug|Any CPU = Debug|Any CPU
		Release|Any CPU = Release|Any CPU
	EndGlobalSection
	GlobalSection(ProjectConfigurationPlatforms) = postSolution
		{5DE51474-9498-4315-8067-C0B99DE3173D}.Debug|Any CPU.ActiveCfg = Debug|Any CPU
		{5DE51474-9498-4315-8067-C0B99DE3173D}.Debug|Any CPU.Build.0 = Debug|Any CPU
		{5DE51474-9498-4315-8067-C0B99DE3173D}.Release|Any CPU.ActiveCfg = Release|Any CPU
		{5DE51474-9498-4315-8067-C0B99DE3173D}.Release|Any CPU.Build.0 = Release|Any CPU
	EndGlobalSection
	GlobalSection(SolutionProperties) = preSolution
		HideSolutionNode = FALSE
	EndGlobalSection
	GlobalSection(ExtensibilityGlobals) = postSolution
		SolutionGuid = {8502B922-41F2-49A5-8985-0274A21E3BAD}
	EndGlobalSection
EndGlobal
